// !$*UTF8*$!
{
	archiveVersion = 1;
	classes = {
	};
	objectVersion = 46;
	objects = {

/* Begin PBXBuildFile section */
		772421A618B66E3D00973208 /* Foundation.framework in Frameworks */ = {isa = PBXBuildFile; fileRef = 772421A518B66E3D00973208 /* Foundation.framework */; };
		772421A818B66E3D00973208 /* CoreGraphics.framework in Frameworks */ = {isa = PBXBuildFile; fileRef = 772421A718B66E3D00973208 /* CoreGraphics.framework */; };
		772421AA18B66E3D00973208 /* UIKit.framework in Frameworks */ = {isa = PBXBuildFile; fileRef = 772421A918B66E3D00973208 /* UIKit.framework */; };
		772421B018B66E3D00973208 /* InfoPlist.strings in Resources */ = {isa = PBXBuildFile; fileRef = 772421AE18B66E3D00973208 /* InfoPlist.strings */; };
		772421B218B66E3D00973208 /* main.m in Sources */ = {isa = PBXBuildFile; fileRef = 772421B118B66E3D00973208 /* main.m */; };
		772421B618B66E3D00973208 /* AppDelegate.m in Sources */ = {isa = PBXBuildFile; fileRef = 772421B518B66E3D00973208 /* AppDelegate.m */; };
		772421B918B66E3D00973208 /* Main_iPhone.storyboard in Resources */ = {isa = PBXBuildFile; fileRef = 772421B718B66E3D00973208 /* Main_iPhone.storyboard */; };
		772421BC18B66E3D00973208 /* Main_iPad.storyboard in Resources */ = {isa = PBXBuildFile; fileRef = 772421BA18B66E3D00973208 /* Main_iPad.storyboard */; };
		772421BF18B66E3D00973208 /* ViewController.m in Sources */ = {isa = PBXBuildFile; fileRef = 772421BE18B66E3D00973208 /* ViewController.m */; };
		772421C118B66E3D00973208 /* Images.xcassets in Resources */ = {isa = PBXBuildFile; fileRef = 772421C018B66E3D00973208 /* Images.xcassets */; };
		772421C818B66E3D00973208 /* XCTest.framework in Frameworks */ = {isa = PBXBuildFile; fileRef = 772421C718B66E3D00973208 /* XCTest.framework */; };
		772421C918B66E3D00973208 /* Foundation.framework in Frameworks */ = {isa = PBXBuildFile; fileRef = 772421A518B66E3D00973208 /* Foundation.framework */; };
		772421CA18B66E3D00973208 /* UIKit.framework in Frameworks */ = {isa = PBXBuildFile; fileRef = 772421A918B66E3D00973208 /* UIKit.framework */; };
		772421D218B66E3D00973208 /* InfoPlist.strings in Resources */ = {isa = PBXBuildFile; fileRef = 772421D018B66E3D00973208 /* InfoPlist.strings */; };
		772421D418B66E3D00973208 /* SimpleTableProjectTests.m in Sources */ = {isa = PBXBuildFile; fileRef = 772421D318B66E3D00973208 /* SimpleTableProjectTests.m */; };
/* End PBXBuildFile section */

/* Begin PBXContainerItemProxy section */
		772421CB18B66E3D00973208 /* PBXContainerItemProxy */ = {
			isa = PBXContainerItemProxy;
			containerPortal = 7724219A18B66E3D00973208 /* Project object */;
			proxyType = 1;
			remoteGlobalIDString = 772421A118B66E3D00973208;
			remoteInfo = SimpleTableProject;
		};
/* End PBXContainerItemProxy section */

/* Begin PBXFileReference section */
		772421A218B66E3D00973208 /* SimpleTableProject.app */ = {isa = PBXFileReference; explicitFileType = wrapper.application; includeInIndex = 0; path = SimpleTableProject.app; sourceTree = BUILT_PRODUCTS_DIR; };
		772421A518B66E3D00973208 /* Foundation.framework */ = {isa = PBXFileReference; lastKnownFileType = wrapper.framework; name = Foundation.framework; path = System/Library/Frameworks/Foundation.framework; sourceTree = SDKROOT; };
		772421A718B66E3D00973208 /* CoreGraphics.framework */ = {isa = PBXFileReference; lastKnownFileType = wrapper.framework; name = CoreGraphics.framework; path = System/Library/Frameworks/CoreGraphics.framework; sourceTree = SDKROOT; };
		772421A918B66E3D00973208 /* UIKit.framework */ = {isa = PBXFileReference; lastKnownFileType = wrapper.framework; name = UIKit.framework; path = System/Library/Frameworks/UIKit.framework; sourceTree = SDKROOT; };
		772421AD18B66E3D00973208 /* SimpleTableProject-Info.plist */ = {isa = PBXFileReference; lastKnownFileType = text.plist.xml; path = "SimpleTableProject-Info.plist"; sourceTree = "<group>"; };
		772421AF18B66E3D00973208 /* en */ = {isa = PBXFileReference; lastKnownFileType = text.plist.strings; name = en; path = en.lproj/InfoPlist.strings; sourceTree = "<group>"; };
		772421B118B66E3D00973208 /* main.m */ = {isa = PBXFileReference; lastKnownFileType = sourcecode.c.objc; path = main.m; sourceTree = "<group>"; };
		772421B318B66E3D00973208 /* SimpleTableProject-Prefix.pch */ = {isa = PBXFileReference; lastKnownFileType = sourcecode.c.h; path = "SimpleTableProject-Prefix.pch"; sourceTree = "<group>"; };
		772421B418B66E3D00973208 /* AppDelegate.h */ = {isa = PBXFileReference; lastKnownFileType = sourcecode.c.h; path = AppDelegate.h; sourceTree = "<group>"; };
		772421B518B66E3D00973208 /* AppDelegate.m */ = {isa = PBXFileReference; lastKnownFileType = sourcecode.c.objc; path = AppDelegate.m; sourceTree = "<group>"; };
		772421B818B66E3D00973208 /* Base */ = {isa = PBXFileReference; lastKnownFileType = file.storyboard; name = Base; path = Base.lproj/Main_iPhone.storyboard; sourceTree = "<group>"; };
		772421BB18B66E3D00973208 /* Base */ = {isa = PBXFileReference; lastKnownFileType = file.storyboard; name = Base; path = Base.lproj/Main_iPad.storyboard; sourceTree = "<group>"; };
		772421BD18B66E3D00973208 /* ViewController.h */ = {isa = PBXFileReference; lastKnownFileType = sourcecode.c.h; path = ViewController.h; sourceTree = "<group>"; };
		772421BE18B66E3D00973208 /* ViewController.m */ = {isa = PBXFileReference; lastKnownFileType = sourcecode.c.objc; path = ViewController.m; sourceTree = "<group>"; };
		772421C018B66E3D00973208 /* Images.xcassets */ = {isa = PBXFileReference; lastKnownFileType = folder.assetcatalog; path = Images.xcassets; sourceTree = "<group>"; };
		772421C618B66E3D00973208 /* SimpleTableProjectTests.xctest */ = {isa = PBXFileReference; explicitFileType = wrapper.cfbundle; includeInIndex = 0; path = SimpleTableProjectTests.xctest; sourceTree = BUILT_PRODUCTS_DIR; };
		772421C718B66E3D00973208 /* XCTest.framework */ = {isa = PBXFileReference; lastKnownFileType = wrapper.framework; name = XCTest.framework; path = Library/Frameworks/XCTest.framework; sourceTree = DEVELOPER_DIR; };
		772421CF18B66E3D00973208 /* SimpleTableProjectTests-Info.plist */ = {isa = PBXFileReference; lastKnownFileType = text.plist.xml; path = "SimpleTableProjectTests-Info.plist"; sourceTree = "<group>"; };
		772421D118B66E3D00973208 /* en */ = {isa = PBXFileReference; lastKnownFileType = text.plist.strings; name = en; path = en.lproj/InfoPlist.strings; sourceTree = "<group>"; };
		772421D318B66E3D00973208 /* SimpleTableProjectTests.m */ = {isa = PBXFileReference; lastKnownFileType = sourcecode.c.objc; path = SimpleTableProjectTests.m; sourceTree = "<group>"; };
/* End PBXFileReference section */

/* Begin PBXFrameworksBuildPhase section */
		7724219F18B66E3D00973208 /* Frameworks */ = {
			isa = PBXFrameworksBuildPhase;
			buildActionMask = 2147483647;
			files = (
				772421A818B66E3D00973208 /* CoreGraphics.framework in Frameworks */,
				772421AA18B66E3D00973208 /* UIKit.framework in Frameworks */,
				772421A618B66E3D00973208 /* Foundation.framework in Frameworks */,
			);
			runOnlyForDeploymentPostprocessing = 0;
		};
		772421C318B66E3D00973208 /* Frameworks */ = {
			isa = PBXFrameworksBuildPhase;
			buildActionMask = 2147483647;
			files = (
				772421C818B66E3D00973208 /* XCTest.framework in Frameworks */,
				772421CA18B66E3D00973208 /* UIKit.framework in Frameworks */,
				772421C918B66E3D00973208 /* Foundation.framework in Frameworks */,
			);
			runOnlyForDeploymentPostprocessing = 0;
		};
/* End PBXFrameworksBuildPhase section */

/* Begin PBXGroup section */
		7724219918B66E3D00973208 = {
			isa = PBXGroup;
			children = (
				772421AB18B66E3D00973208 /* SimpleTableProject */,
				772421CD18B66E3D00973208 /* SimpleTableProjectTests */,
				772421A418B66E3D00973208 /* Frameworks */,
				772421A318B66E3D00973208 /* Products */,
			);
			sourceTree = "<group>";
		};
		772421A318B66E3D00973208 /* Products */ = {
			isa = PBXGroup;
			children = (
				772421A218B66E3D00973208 /* SimpleTableProject.app */,
				772421C618B66E3D00973208 /* SimpleTableProjectTests.xctest */,
			);
			name = Products;
			sourceTree = "<group>";
		};
		772421A418B66E3D00973208 /* Frameworks */ = {
			isa = PBXGroup;
			children = (
				772421A518B66E3D00973208 /* Foundation.framework */,
				772421A718B66E3D00973208 /* CoreGraphics.framework */,
				772421A918B66E3D00973208 /* UIKit.framework */,
				772421C718B66E3D00973208 /* XCTest.framework */,
			);
			name = Frameworks;
			sourceTree = "<group>";
		};
		772421AB18B66E3D00973208 /* SimpleTableProject */ = {
			isa = PBXGroup;
			children = (
				772421B418B66E3D00973208 /* AppDelegate.h */,
				772421B518B66E3D00973208 /* AppDelegate.m */,
				772421B718B66E3D00973208 /* Main_iPhone.storyboard */,
				772421BA18B66E3D00973208 /* Main_iPad.storyboard */,
				772421BD18B66E3D00973208 /* ViewController.h */,
				772421BE18B66E3D00973208 /* ViewController.m */,
				772421C018B66E3D00973208 /* Images.xcassets */,
				772421AC18B66E3D00973208 /* Supporting Files */,
			);
			path = SimpleTableProject;
			sourceTree = "<group>";
		};
		772421AC18B66E3D00973208 /* Supporting Files */ = {
			isa = PBXGroup;
			children = (
				772421AD18B66E3D00973208 /* SimpleTableProject-Info.plist */,
				772421AE18B66E3D00973208 /* InfoPlist.strings */,
				772421B118B66E3D00973208 /* main.m */,
				772421B318B66E3D00973208 /* SimpleTableProject-Prefix.pch */,
			);
			name = "Supporting Files";
			sourceTree = "<group>";
		};
		772421CD18B66E3D00973208 /* SimpleTableProjectTests */ = {
			isa = PBXGroup;
			children = (
				772421D318B66E3D00973208 /* SimpleTableProjectTests.m */,
				772421CE18B66E3D00973208 /* Supporting Files */,
			);
			path = SimpleTableProjectTests;
			sourceTree = "<group>";
		};
		772421CE18B66E3D00973208 /* Supporting Files */ = {
			isa = PBXGroup;
			children = (
				772421CF18B66E3D00973208 /* SimpleTableProjectTests-Info.plist */,
				772421D018B66E3D00973208 /* InfoPlist.strings */,
			);
			name = "Supporting Files";
			sourceTree = "<group>";
		};
/* End PBXGroup section */

/* Begin PBXNativeTarget section */
		772421A118B66E3D00973208 /* SimpleTableProject */ = {
			isa = PBXNativeTarget;
			buildConfigurationList = 772421D718B66E3D00973208 /* Build configuration list for PBXNativeTarget "SimpleTableProject" */;
			buildPhases = (
				7724219E18B66E3D00973208 /* Sources */,
				7724219F18B66E3D00973208 /* Frameworks */,
				772421A018B66E3D00973208 /* Resources */,
			);
			buildRules = (
			);
			dependencies = (
			);
			name = SimpleTableProject;
			productName = SimpleTableProject;
			productReference = 772421A218B66E3D00973208 /* SimpleTableProject.app */;
			productType = "com.apple.product-type.application";
		};
		772421C518B66E3D00973208 /* SimpleTableProjectTests */ = {
			isa = PBXNativeTarget;
			buildConfigurationList = 772421DA18B66E3D00973208 /* Build configuration list for PBXNativeTarget "SimpleTableProjectTests" */;
			buildPhases = (
				772421C218B66E3D00973208 /* Sources */,
				772421C318B66E3D00973208 /* Frameworks */,
				772421C418B66E3D00973208 /* Resources */,
			);
			buildRules = (
			);
			dependencies = (
				772421CC18B66E3D00973208 /* PBXTargetDependency */,
			);
			name = SimpleTableProjectTests;
			productName = SimpleTableProjectTests;
			productReference = 772421C618B66E3D00973208 /* SimpleTableProjectTests.xctest */;
			productType = "com.apple.product-type.bundle.unit-test";
		};
/* End PBXNativeTarget section */

/* Begin PBXProject section */
		7724219A18B66E3D00973208 /* Project object */ = {
			isa = PBXProject;
			attributes = {
				LastUpgradeCheck = 0500;
				ORGANIZATIONNAME = "Anyssa Buchanan";
				TargetAttributes = {
					772421C518B66E3D00973208 = {
						TestTargetID = 772421A118B66E3D00973208;
					};
				};
			};
			buildConfigurationList = 7724219D18B66E3D00973208 /* Build configuration list for PBXProject "SimpleTableProject" */;
			compatibilityVersion = "Xcode 3.2";
			developmentRegion = English;
			hasScannedForEncodings = 0;
			knownRegions = (
				en,
				Base,
			);
			mainGroup = 7724219918B66E3D00973208;
			productRefGroup = 772421A318B66E3D00973208 /* Products */;
			projectDirPath = "";
			projectRoot = "";
			targets = (
				772421A118B66E3D00973208 /* SimpleTableProject */,
				772421C518B66E3D00973208 /* SimpleTableProjectTests */,
			);
		};
/* End PBXProject section */

/* Begin PBXResourcesBuildPhase section */
		772421A018B66E3D00973208 /* Resources */ = {
			isa = PBXResourcesBuildPhase;
			buildActionMask = 2147483647;
			files = (
				772421BC18B66E3D00973208 /* Main_iPad.storyboard in Resources */,
				772421C118B66E3D00973208 /* Images.xcassets in Resources */,
				772421B918B66E3D00973208 /* Main_iPhone.storyboard in Resources */,
				772421B018B66E3D00973208 /* InfoPlist.strings in Resources */,
			);
			runOnlyForDeploymentPostprocessing = 0;
		};
		772421C418B66E3D00973208 /* Resources */ = {
			isa = PBXResourcesBuildPhase;
			buildActionMask = 2147483647;
			files = (
				772421D218B66E3D00973208 /* InfoPlist.strings in Resources */,
			);
			runOnlyForDeploymentPostprocessing = 0;
		};
/* End PBXResourcesBuildPhase section */

/* Begin PBXSourcesBuildPhase section */
		7724219E18B66E3D00973208 /* Sources */ = {
			isa = PBXSourcesBuildPhase;
			buildActionMask = 2147483647;
			files = (
				772421BF18B66E3D00973208 /* ViewController.m in Sources */,
				772421B618B66E3D00973208 /* AppDelegate.m in Sources */,
				772421B218B66E3D00973208 /* main.m in Sources */,
			);
			runOnlyForDeploymentPostprocessing = 0;
		};
		772421C218B66E3D00973208 /* Sources */ = {
			isa = PBXSourcesBuildPhase;
			buildActionMask = 2147483647;
			files = (
				772421D418B66E3D00973208 /* SimpleTableProjectTests.m in Sources */,
			);
			runOnlyForDeploymentPostprocessing = 0;
		};
/* End PBXSourcesBuildPhase section */

/* Begin PBXTargetDependency section */
		772421CC18B66E3D00973208 /* PBXTargetDependency */ = {
			isa = PBXTargetDependency;
			target = 772421A118B66E3D00973208 /* SimpleTableProject */;
			targetProxy = 772421CB18B66E3D00973208 /* PBXContainerItemProxy */;
		};
/* End PBXTargetDependency section */

/* Begin PBXVariantGroup section */
		772421AE18B66E3D00973208 /* InfoPlist.strings */ = {
			isa = PBXVariantGroup;
			children = (
				772421AF18B66E3D00973208 /* en */,
			);
			name = InfoPlist.strings;
			sourceTree = "<group>";
		};
		772421B718B66E3D00973208 /* Main_iPhone.storyboard */ = {
			isa = PBXVariantGroup;
			children = (
				772421B818B66E3D00973208 /* Base */,
			);
			name = Main_iPhone.storyboard;
			sourceTree = "<group>";
		};
		772421BA18B66E3D00973208 /* Main_iPad.storyboard */ = {
			isa = PBXVariantGroup;
			children = (
				772421BB18B66E3D00973208 /* Base */,
			);
			name = Main_iPad.storyboard;
			sourceTree = "<group>";
		};
		772421D018B66E3D00973208 /* InfoPlist.strings */ = {
			isa = PBXVariantGroup;
			children = (
				772421D118B66E3D00973208 /* en */,
			);
			name = InfoPlist.strings;
			sourceTree = "<group>";
		};
/* End PBXVariantGroup section */

/* Begin XCBuildConfiguration section */
		772421D518B66E3D00973208 /* Debug */ = {
			isa = XCBuildConfiguration;
			buildSettings = {
				ALWAYS_SEARCH_USER_PATHS = NO;
				ARCHS = "$(ARCHS_STANDARD_INCLUDING_64_BIT)";
				CLANG_CXX_LANGUAGE_STANDARD = "gnu++0x";
				CLANG_CXX_LIBRARY = "libc++";
				CLANG_ENABLE_MODULES = YES;
				CLANG_ENABLE_OBJC_ARC = YES;
				CLANG_WARN_BOOL_CONVERSION = YES;
				CLANG_WARN_CONSTANT_CONVERSION = YES;
				CLANG_WARN_DIRECT_OBJC_ISA_USAGE = YES_ERROR;
				CLANG_WARN_EMPTY_BODY = YES;
				CLANG_WARN_ENUM_CONVERSION = YES;
				CLANG_WARN_INT_CONVERSION = YES;
				CLANG_WARN_OBJC_ROOT_CLASS = YES_ERROR;
				CLANG_WARN__DUPLICATE_METHOD_MATCH = YES;
				"CODE_SIGN_IDENTITY[sdk=iphoneos*]" = "iPhone Developer";
				COPY_PHASE_STRIP = NO;
				GCC_C_LANGUAGE_STANDARD = gnu99;
				GCC_DYNAMIC_NO_PIC = NO;
				GCC_OPTIMIZATION_LEVEL = 0;
				GCC_PREPROCESSOR_DEFINITIONS = (
					"DEBUG=1",
					"$(inherited)",
				);
				GCC_SYMBOLS_PRIVATE_EXTERN = NO;
				GCC_WARN_64_TO_32_BIT_CONVERSION = YES;
				GCC_WARN_ABOUT_RETURN_TYPE = YES_ERROR;
				GCC_WARN_UNDECLARED_SELECTOR = YES;
				GCC_WARN_UNINITIALIZED_AUTOS = YES;
				GCC_WARN_UNUSED_FUNCTION = YES;
				GCC_WARN_UNUSED_VARIABLE = YES;
				IPHONEOS_DEPLOYMENT_TARGET = 7.0;
				ONLY_ACTIVE_ARCH = YES;
				SDKROOT = iphoneos;
				TARGETED_DEVICE_FAMILY = "1,2";
			};
			name = Debug;
		};
		772421D618B66E3D00973208 /* Release */ = {
			isa = XCBuildConfiguration;
			buildSettings = {
				ALWAYS_SEARCH_USER_PATHS = NO;
				ARCHS = "$(ARCHS_STANDARD_INCLUDING_64_BIT)";
				CLANG_CXX_LANGUAGE_STANDARD = "gnu++0x";
				CLANG_CXX_LIBRARY = "libc++";
				CLANG_ENABLE_MODULES = YES;
				CLANG_ENABLE_OBJC_ARC = YES;
				CLANG_WARN_BOOL_CONVERSION = YES;
				CLANG_WARN_CONSTANT_CONVERSION = YES;
				CLANG_WARN_DIRECT_OBJC_ISA_USAGE = YES_ERROR;
				CLANG_WARN_EMPTY_BODY = YES;
				CLANG_WARN_ENUM_CONVERSION = YES;
				CLANG_WARN_INT_CONVERSION = YES;
				CLANG_WARN_OBJC_ROOT_CLASS = YES_ERROR;
				CLANG_WARN__DUPLICATE_METHOD_MATCH = YES;
				"CODE_SIGN_IDENTITY[sdk=iphoneos*]" = "iPhone Developer";
				COPY_PHASE_STRIP = YES;
				ENABLE_NS_ASSERTIONS = NO;
				GCC_C_LANGUAGE_STANDARD = gnu99;
				GCC_WARN_64_TO_32_BIT_CONVERSION = YES;
				GCC_WARN_ABOUT_RETURN_TYPE = YES_ERROR;
				GCC_WARN_UNDECLARED_SELECTOR = YES;
				GCC_WARN_UNINITIALIZED_AUTOS = YES;
				GCC_WARN_UNUSED_FUNCTION = YES;
				GCC_WARN_UNUSED_VARIABLE = YES;
				IPHONEOS_DEPLOYMENT_TARGET = 7.0;
				SDKROOT = iphoneos;
				TARGETED_DEVICE_FAMILY = "1,2";
				VALIDATE_PRODUCT = YES;
			};
			name = Release;
		};
		772421D818B66E3D00973208 /* Debug */ = {
			isa = XCBuildConfiguration;
			buildSettings = {
				ASSETCATALOG_COMPILER_APPICON_NAME = AppIcon;
				ASSETCATALOG_COMPILER_LAUNCHIMAGE_NAME = LaunchImage;
				GCC_PRECOMPILE_PREFIX_HEADER = YES;
				GCC_PREFIX_HEADER = "SimpleTableProject/SimpleTableProject-Prefix.pch";
				INFOPLIST_FILE = "SimpleTableProject/SimpleTableProject-Info.plist";
				PRODUCT_NAME = "$(TARGET_NAME)";
				WRAPPER_EXTENSION = app;
			};
			name = Debug;
		};
		772421D918B66E3D00973208 /* Release */ = {
			isa = XCBuildConfiguration;
			buildSettings = {
				ASSETCATALOG_COMPILER_APPICON_NAME = AppIcon;
				ASSETCATALOG_COMPILER_LAUNCHIMAGE_NAME = LaunchImage;
				GCC_PRECOMPILE_PREFIX_HEADER = YES;
				GCC_PREFIX_HEADER = "SimpleTableProject/SimpleTableProject-Prefix.pch";
				INFOPLIST_FILE = "SimpleTableProject/SimpleTableProject-Info.plist";
				PRODUCT_NAME = "$(TARGET_NAME)";
				WRAPPER_EXTENSION = app;
			};
			name = Release;
		};
		772421DB18B66E3D00973208 /* Debug */ = {
			isa = XCBuildConfiguration;
			buildSettings = {
				ARCHS = "$(ARCHS_STANDARD_INCLUDING_64_BIT)";
				BUNDLE_LOADER = "$(BUILT_PRODUCTS_DIR)/SimpleTableProject.app/SimpleTableProject";
				FRAMEWORK_SEARCH_PATHS = (
					"$(SDKROOT)/Developer/Library/Frameworks",
					"$(inherited)",
					"$(DEVELOPER_FRAMEWORKS_DIR)",
				);
				GCC_PRECOMPILE_PREFIX_HEADER = YES;
				GCC_PREFIX_HEADER = "SimpleTableProject/SimpleTableProject-Prefix.pch";
				GCC_PREPROCESSOR_DEFINITIONS = (
					"DEBUG=1",
					"$(inherited)",
				);
				INFOPLIST_FILE = "SimpleTableProjectTests/SimpleTableProjectTests-Info.plist";
				PRODUCT_NAME = "$(TARGET_NAME)";
				TEST_HOST = "$(BUNDLE_LOADER)";
				WRAPPER_EXTENSION = xctest;
			};
			name = Debug;
		};
		772421DC18B66E3D00973208 /* Release */ = {
			isa = XCBuildConfiguration;
			buildSettings = {
				ARCHS = "$(ARCHS_STANDARD_INCLUDING_64_BIT)";
				BUNDLE_LOADER = "$(BUILT_PRODUCTS_DIR)/SimpleTableProject.app/SimpleTableProject";
				FRAMEWORK_SEARCH_PATHS = (
					"$(SDKROOT)/Developer/Library/Frameworks",
					"$(inherited)",
					"$(DEVELOPER_FRAMEWORKS_DIR)",
				);
				GCC_PRECOMPILE_PREFIX_HEADER = YES;
				GCC_PREFIX_HEADER = "SimpleTableProject/SimpleTableProject-Prefix.pch";
				INFOPLIST_FILE = "SimpleTableProjectTests/SimpleTableProjectTests-Info.plist";
				PRODUCT_NAME = "$(TARGET_NAME)";
				TEST_HOST = "$(BUNDLE_LOADER)";
				WRAPPER_EXTENSION = xctest;
			};
			name = Release;
		};
/* End XCBuildConfiguration section */

/* Begin XCConfigurationList section */
		7724219D18B66E3D00973208 /* Build configuration list for PBXProject "SimpleTableProject" */ = {
			isa = XCConfigurationList;
			buildConfigurations = (
				772421D518B66E3D00973208 /* Debug */,
				772421D618B66E3D00973208 /* Release */,
			);
			defaultConfigurationIsVisible = 0;
			defaultConfigurationName = Release;
		};
		772421D718B66E3D00973208 /* Build configuration list for PBXNativeTarget "SimpleTableProject" */ = {
			isa = XCConfigurationList;
			buildConfigurations = (
				772421D818B66E3D00973208 /* Debug */,
				772421D918B66E3D00973208 /* Release */,
			);
			defaultConfigurationIsVisible = 0;
		};
		772421DA18B66E3D00973208 /* Build configuration list for PBXNativeTarget "SimpleTableProjectTests" */ = {
			isa = XCConfigurationList;
			buildConfigurations = (
				772421DB18B66E3D00973208 /* Debug */,
				772421DC18B66E3D00973208 /* Release */,
			);
			defaultConfigurationIsVisible = 0;
		};
/* End XCConfigurationList section */
	};
	rootObject = 7724219A18B66E3D00973208 /* Project object */;
}
